
Microsoft Visual Studio Solution File, Format Version 12.00
# Visual Studio Version 16
VisualStudioVersion = 16.0.30002.166
MinimumVisualStudioVersion = 10.0.40219.1
Project("{8BC9CEB8-8B4A-11D0-8D11-00A0C91BC942}") = "魔法优惠券", "魔法优惠券\魔法优惠券.vcxproj", "{B63E7E6A-E097-48D8-B71E-D02AC5EED21F}"
EndProject
Global
	GlobalSection(SolutionConfigurationPlatforms) = preSolution
		Debug|x64 = Debug|x64
		Debug|x86 = Debug|x86
		Release|x64 = Release|x64
		Release|x86 = Release|x86
	EndGlobalSection
	GlobalSection(ProjectConfigurationPlatforms) = postSolution
		{B63E7E6A-E097-48D8-B71E-D02AC5EED21F}.Debug|x64.ActiveCfg = Debug|x64
		{B63E7E6A-E097-48D8-B71E-D02AC5EED21F}.Debug|x64.Build.0 = Debug|x64
		{B63E7E6A-E097-48D8-B71E-D02AC5EED21F}.Debug|x86.ActiveCfg = Debug|Win32
		{B63E7E6A-E097-48D8-B71E-D02AC5EED21F}.Debug|x86.Build.0 = Debug|Win32
		{B63E7E6A-E097-48D8-B71E-D02AC5EED21F}.Release|x64.ActiveCfg = Release|x64
		{B63E7E6A-E097-48D8-B71E-D02AC5EED21F}.Release|x64.Build.0 = Release|x64
		{B63E7E6A-E097-48D8-B71E-D02AC5EED21F}.Release|x86.ActiveCfg = Release|Win32
		{B63E7E6A-E097-48D8-B71E-D02AC5EED21F}.Release|x86.Build.0 = Release|Win32
	EndGlobalSection
	GlobalSection(SolutionProperties) = preSolution
		HideSolutionNode = FALSE
	EndGlobalSection
	GlobalSection(ExtensibilityGlobals) = postSolution
		SolutionGuid = {0E1A8A0B-60F1-4A98-8559-B52246F8BE33}
	EndGlobalSection
EndGlobal
