
Microsoft Visual Studio Solution File, Format Version 12.00
# Visual Studio Version 16
VisualStudioVersion = 16.0.30002.166
MinimumVisualStudioVersion = 10.0.40219.1
Project("{8BC9CEB8-8B4A-11D0-8D11-00A0C91BC942}") = "点击窗口", "点击窗口\点击窗口.vcxproj", "{FB636C2C-B817-4B6A-A977-74B91863D71B}"
EndProject
Global
	GlobalSection(SolutionConfigurationPlatforms) = preSolution
		Debug|x64 = Debug|x64
		Debug|x86 = Debug|x86
		Release|x64 = Release|x64
		Release|x86 = Release|x86
	EndGlobalSection
	GlobalSection(ProjectConfigurationPlatforms) = postSolution
		{FB636C2C-B817-4B6A-A977-74B91863D71B}.Debug|x64.ActiveCfg = Debug|x64
		{FB636C2C-B817-4B6A-A977-74B91863D71B}.Debug|x64.Build.0 = Debug|x64
		{FB636C2C-B817-4B6A-A977-74B91863D71B}.Debug|x86.ActiveCfg = Debug|Win32
		{FB636C2C-B817-4B6A-A977-74B91863D71B}.Debug|x86.Build.0 = Debug|Win32
		{FB636C2C-B817-4B6A-A977-74B91863D71B}.Release|x64.ActiveCfg = Release|x64
		{FB636C2C-B817-4B6A-A977-74B91863D71B}.Release|x64.Build.0 = Release|x64
		{FB636C2C-B817-4B6A-A977-74B91863D71B}.Release|x86.ActiveCfg = Release|Win32
		{FB636C2C-B817-4B6A-A977-74B91863D71B}.Release|x86.Build.0 = Release|Win32
	EndGlobalSection
	GlobalSection(SolutionProperties) = preSolution
		HideSolutionNode = FALSE
	EndGlobalSection
	GlobalSection(ExtensibilityGlobals) = postSolution
		SolutionGuid = {267EFE3D-5D24-477B-91FD-A68600B7FAA6}
	EndGlobalSection
EndGlobal
